
Microsoft Visual Studio Solution File, Format Version 11.00
# Visual Studio 2010
Project("{FAE04EC0-301F-11D3-BF4B-00C04F79EFBC}") = "2djumpandrun", "Assembly-CSharp.csproj", "{6A80E462-602C-10D1-DB0A-4D09961C3EB1}"
EndProject
Project("{FAE04EC0-301F-11D3-BF4B-00C04F79EFBC}") = "2djumpandrun", "Assembly-CSharp-firstpass.csproj", "{0D9C24D7-B22F-6A61-4DA8-913BAE6C7E83}"
EndProject
Project("{FAE04EC0-301F-11D3-BF4B-00C04F79EFBC}") = "2djumpandrun", "Assembly-CSharp-Editor-firstpass.csproj", "{2C821FA2-DA93-3C80-9C49-56CB39A7579B}"
EndProject
Global
	GlobalSection(SolutionConfigurationPlatforms) = preSolution
		Debug|Any CPU = Debug|Any CPU
		Release|Any CPU = Release|Any CPU
	EndGlobalSection
	GlobalSection(ProjectConfigurationPlatforms) = postSolution
		{6A80E462-602C-10D1-DB0A-4D09961C3EB1}.Debug|Any CPU.ActiveCfg = Debug|Any CPU
		{6A80E462-602C-10D1-DB0A-4D09961C3EB1}.Debug|Any CPU.Build.0 = Debug|Any CPU
		{6A80E462-602C-10D1-DB0A-4D09961C3EB1}.Release|Any CPU.ActiveCfg = Release|Any CPU
		{6A80E462-602C-10D1-DB0A-4D09961C3EB1}.Release|Any CPU.Build.0 = Release|Any CPU
		{0D9C24D7-B22F-6A61-4DA8-913BAE6C7E83}.Debug|Any CPU.ActiveCfg = Debug|Any CPU
		{0D9C24D7-B22F-6A61-4DA8-913BAE6C7E83}.Debug|Any CPU.Build.0 = Debug|Any CPU
		{0D9C24D7-B22F-6A61-4DA8-913BAE6C7E83}.Release|Any CPU.ActiveCfg = Release|Any CPU
		{0D9C24D7-B22F-6A61-4DA8-913BAE6C7E83}.Release|Any CPU.Build.0 = Release|Any CPU
		{2C821FA2-DA93-3C80-9C49-56CB39A7579B}.Debug|Any CPU.ActiveCfg = Debug|Any CPU
		{2C821FA2-DA93-3C80-9C49-56CB39A7579B}.Debug|Any CPU.Build.0 = Debug|Any CPU
		{2C821FA2-DA93-3C80-9C49-56CB39A7579B}.Release|Any CPU.ActiveCfg = Release|Any CPU
		{2C821FA2-DA93-3C80-9C49-56CB39A7579B}.Release|Any CPU.Build.0 = Release|Any CPU
	EndGlobalSection
	GlobalSection(SolutionProperties) = preSolution
		HideSolutionNode = FALSE
	EndGlobalSection
	GlobalSection(MonoDevelopProperties) = preSolution
		StartupItem = Assembly-CSharp.csproj
	EndGlobalSection
EndGlobal
